PODS:
  - ZLFBaseConfigTool (0.1.0)

DEPENDENCIES:
  - ZLFBaseConfigTool (from `../`)

EXTERNAL SOURCES:
  ZLFBaseConfigTool:
    :path: "../"

SPEC CHECKSUMS:
  ZLFBaseConfigTool: f13c1b13b5d140f7d37cb7c7e7c4dba6519dc0ea

PODFILE CHECKSUM: b0dfea5ba0e4f62b4b8807e8f20c4a6a83df280b

COCOAPODS: 1.7.5
